
Microsoft Visual Studio Solution File, Format Version 12.00
# Visual Studio 15
VisualStudioVersion = 15.0.28010.2041
MinimumVisualStudioVersion = 10.0.40219.1
Project("{FAE04EC0-301F-11D3-BF4B-00C04F79EFBC}") = "XamarinApp.Android", "XamarinApp\XamarinApp.Android\XamarinApp.Android.csproj", "{94DEA7BF-76C2-4D9D-A7C3-D6578936ACDC}"
EndProject
Project("{FAE04EC0-301F-11D3-BF4B-00C04F79EFBC}") = "XamarinApp.iOS", "XamarinApp\XamarinApp.iOS\XamarinApp.iOS.csproj", "{BF0DDB72-7110-4A31-A7AC-4CF4C28D591A}"
EndProject
Project("{FAE04EC0-301F-11D3-BF4B-00C04F79EFBC}") = "XamarinApp.UWP", "XamarinApp\XamarinApp.UWP\XamarinApp.UWP.csproj", "{8133FE73-9101-475F-9DC3-27796296D626}"
EndProject
Project("{9A19103F-16F7-4668-BE54-9A1E7A4F7556}") = "XamarinApp", "XamarinApp\XamarinApp\XamarinApp.csproj", "{17AE77B2-5E38-4F5E-8262-7D531DC08EDF}"
EndProject
Project("{FAE04EC0-301F-11D3-BF4B-00C04F79EFBC}") = "SqliteApp.Standard", "SqliteApp.Standard\SqliteApp.Standard.csproj", "{DEE76038-2901-4211-B1F7-62A36C895933}"
EndProject
Global
	GlobalSection(SolutionConfigurationPlatforms) = preSolution
		Ad-Hoc|Any CPU = Ad-Hoc|Any CPU
		Ad-Hoc|ARM = Ad-Hoc|ARM
		Ad-Hoc|iPhone = Ad-Hoc|iPhone
		Ad-Hoc|iPhoneSimulator = Ad-Hoc|iPhoneSimulator
		Ad-Hoc|x64 = Ad-Hoc|x64
		Ad-Hoc|x86 = Ad-Hoc|x86
		AppStore|Any CPU = AppStore|Any CPU
		AppStore|ARM = AppStore|ARM
		AppStore|iPhone = AppStore|iPhone
		AppStore|iPhoneSimulator = AppStore|iPhoneSimulator
		AppStore|x64 = AppStore|x64
		AppStore|x86 = AppStore|x86
		Debug|Any CPU = Debug|Any CPU
		Debug|ARM = Debug|ARM
		Debug|iPhone = Debug|iPhone
		Debug|iPhoneSimulator = Debug|iPhoneSimulator
		Debug|x64 = Debug|x64
		Debug|x86 = Debug|x86
		Release|Any CPU = Release|Any CPU
		Release|ARM = Release|ARM
		Release|iPhone = Release|iPhone
		Release|iPhoneSimulator = Release|iPhoneSimulator
		Release|x64 = Release|x64
		Release|x86 = Release|x86
	EndGlobalSection
	GlobalSection(ProjectConfigurationPlatforms) = postSolution
		{94DEA7BF-76C2-4D9D-A7C3-D6578936ACDC}.Ad-Hoc|Any CPU.ActiveCfg = Release|Any CPU
		{94DEA7BF-76C2-4D9D-A7C3-D6578936ACDC}.Ad-Hoc|Any CPU.Build.0 = Release|Any CPU
		{94DEA7BF-76C2-4D9D-A7C3-D6578936ACDC}.Ad-Hoc|Any CPU.Deploy.0 = Release|Any CPU
		{94DEA7BF-76C2-4D9D-A7C3-D6578936ACDC}.Ad-Hoc|ARM.ActiveCfg = Release|Any CPU
		{94DEA7BF-76C2-4D9D-A7C3-D6578936ACDC}.Ad-Hoc|ARM.Build.0 = Release|Any CPU
		{94DEA7BF-76C2-4D9D-A7C3-D6578936ACDC}.Ad-Hoc|ARM.Deploy.0 = Release|Any CPU
		{94DEA7BF-76C2-4D9D-A7C3-D6578936ACDC}.Ad-Hoc|iPhone.ActiveCfg = Release|Any CPU
		{94DEA7BF-76C2-4D9D-A7C3-D6578936ACDC}.Ad-Hoc|iPhone.Build.0 = Release|Any CPU
		{94DEA7BF-76C2-4D9D-A7C3-D6578936ACDC}.Ad-Hoc|iPhone.Deploy.0 = Release|Any CPU
		{94DEA7BF-76C2-4D9D-A7C3-D6578936ACDC}.Ad-Hoc|iPhoneSimulator.ActiveCfg = Release|Any CPU
		{94DEA7BF-76C2-4D9D-A7C3-D6578936ACDC}.Ad-Hoc|iPhoneSimulator.Build.0 = Release|Any CPU
		{94DEA7BF-76C2-4D9D-A7C3-D6578936ACDC}.Ad-Hoc|iPhoneSimulator.Deploy.0 = Release|Any CPU
		{94DEA7BF-76C2-4D9D-A7C3-D6578936ACDC}.Ad-Hoc|x64.ActiveCfg = Release|Any CPU
		{94DEA7BF-76C2-4D9D-A7C3-D6578936ACDC}.Ad-Hoc|x64.Build.0 = Release|Any CPU
		{94DEA7BF-76C2-4D9D-A7C3-D6578936ACDC}.Ad-Hoc|x64.Deploy.0 = Release|Any CPU
		{94DEA7BF-76C2-4D9D-A7C3-D6578936ACDC}.Ad-Hoc|x86.ActiveCfg = Release|Any CPU
		{94DEA7BF-76C2-4D9D-A7C3-D6578936ACDC}.Ad-Hoc|x86.Build.0 = Release|Any CPU
		{94DEA7BF-76C2-4D9D-A7C3-D6578936ACDC}.Ad-Hoc|x86.Deploy.0 = Release|Any CPU
		{94DEA7BF-76C2-4D9D-A7C3-D6578936ACDC}.AppStore|Any CPU.ActiveCfg = Release|Any CPU
		{94DEA7BF-76C2-4D9D-A7C3-D6578936ACDC}.AppStore|Any CPU.Build.0 = Release|Any CPU
		{94DEA7BF-76C2-4D9D-A7C3-D6578936ACDC}.AppStore|Any CPU.Deploy.0 = Release|Any CPU
		{94DEA7BF-76C2-4D9D-A7C3-D6578936ACDC}.AppStore|ARM.ActiveCfg = Release|Any CPU
		{94DEA7BF-76C2-4D9D-A7C3-D6578936ACDC}.AppStore|ARM.Build.0 = Release|Any CPU
		{94DEA7BF-76C2-4D9D-A7C3-D6578936ACDC}.AppStore|ARM.Deploy.0 = Release|Any CPU
		{94DEA7BF-76C2-4D9D-A7C3-D6578936ACDC}.AppStore|iPhone.ActiveCfg = Release|Any CPU
		{94DEA7BF-76C2-4D9D-A7C3-D6578936ACDC}.AppStore|iPhone.Build.0 = Release|Any CPU
		{94DEA7BF-76C2-4D9D-A7C3-D6578936ACDC}.AppStore|iPhone.Deploy.0 = Release|Any CPU
		{94DEA7BF-76C2-4D9D-A7C3-D6578936ACDC}.AppStore|iPhoneSimulator.ActiveCfg = Release|Any CPU
		{94DEA7BF-76C2-4D9D-A7C3-D6578936ACDC}.AppStore|iPhoneSimulator.Build.0 = Release|Any CPU
		{94DEA7BF-76C2-4D9D-A7C3-D6578936ACDC}.AppStore|iPhoneSimulator.Deploy.0 = Release|Any CPU
		{94DEA7BF-76C2-4D9D-A7C3-D6578936ACDC}.AppStore|x64.ActiveCfg = Release|Any CPU
		{94DEA7BF-76C2-4D9D-A7C3-D6578936ACDC}.AppStore|x64.Build.0 = Release|Any CPU
		{94DEA7BF-76C2-4D9D-A7C3-D6578936ACDC}.AppStore|x64.Deploy.0 = Release|Any CPU
		{94DEA7BF-76C2-4D9D-A7C3-D6578936ACDC}.AppStore|x86.ActiveCfg = Release|Any CPU
		{94DEA7BF-76C2-4D9D-A7C3-D6578936ACDC}.AppStore|x86.Build.0 = Release|Any CPU
		{94DEA7BF-76C2-4D9D-A7C3-D6578936ACDC}.AppStore|x86.Deploy.0 = Release|Any CPU
		{94DEA7BF-76C2-4D9D-A7C3-D6578936ACDC}.Debug|Any CPU.ActiveCfg = Debug|Any CPU
		{94DEA7BF-76C2-4D9D-A7C3-D6578936ACDC}.Debug|Any CPU.Build.0 = Debug|Any CPU
		{94DEA7BF-76C2-4D9D-A7C3-D6578936ACDC}.Debug|Any CPU.Deploy.0 = Debug|Any CPU
		{94DEA7BF-76C2-4D9D-A7C3-D6578936ACDC}.Debug|ARM.ActiveCfg = Debug|Any CPU
		{94DEA7BF-76C2-4D9D-A7C3-D6578936ACDC}.Debug|ARM.Build.0 = Debug|Any CPU
		{94DEA7BF-76C2-4D9D-A7C3-D6578936ACDC}.Debug|ARM.Deploy.0 = Debug|Any CPU
		{94DEA7BF-76C2-4D9D-A7C3-D6578936ACDC}.Debug|iPhone.ActiveCfg = Debug|Any CPU
		{94DEA7BF-76C2-4D9D-A7C3-D6578936ACDC}.Debug|iPhone.Build.0 = Debug|Any CPU
		{94DEA7BF-76C2-4D9D-A7C3-D6578936ACDC}.Debug|iPhone.Deploy.0 = Debug|Any CPU
		{94DEA7BF-76C2-4D9D-A7C3-D6578936ACDC}.Debug|iPhoneSimulator.ActiveCfg = Debug|Any CPU
		{94DEA7BF-76C2-4D9D-A7C3-D6578936ACDC}.Debug|iPhoneSimulator.Build.0 = Debug|Any CPU
		{94DEA7BF-76C2-4D9D-A7C3-D6578936ACDC}.Debug|iPhoneSimulator.Deploy.0 = Debug|Any CPU
		{94DEA7BF-76C2-4D9D-A7C3-D6578936ACDC}.Debug|x64.ActiveCfg = Debug|Any CPU
		{94DEA7BF-76C2-4D9D-A7C3-D6578936ACDC}.Debug|x64.Build.0 = Debug|Any CPU
		{94DEA7BF-76C2-4D9D-A7C3-D6578936ACDC}.Debug|x64.Deploy.0 = Debug|Any CPU
		{94DEA7BF-76C2-4D9D-A7C3-D6578936ACDC}.Debug|x86.ActiveCfg = Debug|Any CPU
		{94DEA7BF-76C2-4D9D-A7C3-D6578936ACDC}.Debug|x86.Build.0 = Debug|Any CPU
		{94DEA7BF-76C2-4D9D-A7C3-D6578936ACDC}.Debug|x86.Deploy.0 = Debug|Any CPU
		{94DEA7BF-76C2-4D9D-A7C3-D6578936ACDC}.Release|Any CPU.ActiveCfg = Release|Any CPU
		{94DEA7BF-76C2-4D9D-A7C3-D6578936ACDC}.Release|Any CPU.Build.0 = Release|Any CPU
		{94DEA7BF-76C2-4D9D-A7C3-D6578936ACDC}.Release|Any CPU.Deploy.0 = Release|Any CPU
		{94DEA7BF-76C2-4D9D-A7C3-D6578936ACDC}.Release|ARM.ActiveCfg = Release|Any CPU
		{94DEA7BF-76C2-4D9D-A7C3-D6578936ACDC}.Release|ARM.Build.0 = Release|Any CPU
		{94DEA7BF-76C2-4D9D-A7C3-D6578936ACDC}.Release|ARM.Deploy.0 = Release|Any CPU
		{94DEA7BF-76C2-4D9D-A7C3-D6578936ACDC}.Release|iPhone.ActiveCfg = Release|Any CPU
		{94DEA7BF-76C2-4D9D-A7C3-D6578936ACDC}.Release|iPhone.Build.0 = Release|Any CPU
		{94DEA7BF-76C2-4D9D-A7C3-D6578936ACDC}.Release|iPhone.Deploy.0 = Release|Any CPU
		{94DEA7BF-76C2-4D9D-A7C3-D6578936ACDC}.Release|iPhoneSimulator.ActiveCfg = Release|Any CPU
		{94DEA7BF-76C2-4D9D-A7C3-D6578936ACDC}.Release|iPhoneSimulator.Build.0 = Release|Any CPU
		{94DEA7BF-76C2-4D9D-A7C3-D6578936ACDC}.Release|iPhoneSimulator.Deploy.0 = Release|Any CPU
		{94DEA7BF-76C2-4D9D-A7C3-D6578936ACDC}.Release|x64.ActiveCfg = Release|Any CPU
		{94DEA7BF-76C2-4D9D-A7C3-D6578936ACDC}.Release|x64.Build.0 = Release|Any CPU
		{94DEA7BF-76C2-4D9D-A7C3-D6578936ACDC}.Release|x64.Deploy.0 = Release|Any CPU
		{94DEA7BF-76C2-4D9D-A7C3-D6578936ACDC}.Release|x86.ActiveCfg = Release|Any CPU
		{94DEA7BF-76C2-4D9D-A7C3-D6578936ACDC}.Release|x86.Build.0 = Release|Any CPU
		{94DEA7BF-76C2-4D9D-A7C3-D6578936ACDC}.Release|x86.Deploy.0 = Release|Any CPU
		{BF0DDB72-7110-4A31-A7AC-4CF4C28D591A}.Ad-Hoc|Any CPU.ActiveCfg = Ad-Hoc|iPhone
		{BF0DDB72-7110-4A31-A7AC-4CF4C28D591A}.Ad-Hoc|Any CPU.Build.0 = Ad-Hoc|iPhone
		{BF0DDB72-7110-4A31-A7AC-4CF4C28D591A}.Ad-Hoc|Any CPU.Deploy.0 = Ad-Hoc|iPhone
		{BF0DDB72-7110-4A31-A7AC-4CF4C28D591A}.Ad-Hoc|ARM.ActiveCfg = Ad-Hoc|iPhone
		{BF0DDB72-7110-4A31-A7AC-4CF4C28D591A}.Ad-Hoc|ARM.Build.0 = Ad-Hoc|iPhone
		{BF0DDB72-7110-4A31-A7AC-4CF4C28D591A}.Ad-Hoc|ARM.Deploy.0 = Ad-Hoc|iPhone
		{BF0DDB72-7110-4A31-A7AC-4CF4C28D591A}.Ad-Hoc|iPhone.ActiveCfg = Ad-Hoc|iPhone
		{BF0DDB72-7110-4A31-A7AC-4CF4C28D591A}.Ad-Hoc|iPhone.Build.0 = Ad-Hoc|iPhone
		{BF0DDB72-7110-4A31-A7AC-4CF4C28D591A}.Ad-Hoc|iPhone.Deploy.0 = Ad-Hoc|iPhone
		{BF0DDB72-7110-4A31-A7AC-4CF4C28D591A}.Ad-Hoc|iPhoneSimulator.ActiveCfg = Ad-Hoc|iPhoneSimulator
		{BF0DDB72-7110-4A31-A7AC-4CF4C28D591A}.Ad-Hoc|iPhoneSimulator.Build.0 = Ad-Hoc|iPhoneSimulator
		{BF0DDB72-7110-4A31-A7AC-4CF4C28D591A}.Ad-Hoc|iPhoneSimulator.Deploy.0 = Ad-Hoc|iPhoneSimulator
		{BF0DDB72-7110-4A31-A7AC-4CF4C28D591A}.Ad-Hoc|x64.ActiveCfg = Ad-Hoc|iPhone
		{BF0DDB72-7110-4A31-A7AC-4CF4C28D591A}.Ad-Hoc|x64.Build.0 = Ad-Hoc|iPhone
		{BF0DDB72-7110-4A31-A7AC-4CF4C28D591A}.Ad-Hoc|x64.Deploy.0 = Ad-Hoc|iPhone
		{BF0DDB72-7110-4A31-A7AC-4CF4C28D591A}.Ad-Hoc|x86.ActiveCfg = Ad-Hoc|iPhone
		{BF0DDB72-7110-4A31-A7AC-4CF4C28D591A}.Ad-Hoc|x86.Build.0 = Ad-Hoc|iPhone
		{BF0DDB72-7110-4A31-A7AC-4CF4C28D591A}.Ad-Hoc|x86.Deploy.0 = Ad-Hoc|iPhone
		{BF0DDB72-7110-4A31-A7AC-4CF4C28D591A}.AppStore|Any CPU.ActiveCfg = AppStore|iPhone
		{BF0DDB72-7110-4A31-A7AC-4CF4C28D591A}.AppStore|Any CPU.Build.0 = AppStore|iPhone
		{BF0DDB72-7110-4A31-A7AC-4CF4C28D591A}.AppStore|Any CPU.Deploy.0 = AppStore|iPhone
		{BF0DDB72-7110-4A31-A7AC-4CF4C28D591A}.AppStore|ARM.ActiveCfg = AppStore|iPhone
		{BF0DDB72-7110-4A31-A7AC-4CF4C28D591A}.AppStore|ARM.Build.0 = AppStore|iPhone
		{BF0DDB72-7110-4A31-A7AC-4CF4C28D591A}.AppStore|ARM.Deploy.0 = AppStore|iPhone
		{BF0DDB72-7110-4A31-A7AC-4CF4C28D591A}.AppStore|iPhone.ActiveCfg = AppStore|iPhone
		{BF0DDB72-7110-4A31-A7AC-4CF4C28D591A}.AppStore|iPhone.Build.0 = AppStore|iPhone
		{BF0DDB72-7110-4A31-A7AC-4CF4C28D591A}.AppStore|iPhone.Deploy.0 = AppStore|iPhone
		{BF0DDB72-7110-4A31-A7AC-4CF4C28D591A}.AppStore|iPhoneSimulator.ActiveCfg = AppStore|iPhoneSimulator
		{BF0DDB72-7110-4A31-A7AC-4CF4C28D591A}.AppStore|iPhoneSimulator.Build.0 = AppStore|iPhoneSimulator
		{BF0DDB72-7110-4A31-A7AC-4CF4C28D591A}.AppStore|iPhoneSimulator.Deploy.0 = AppStore|iPhoneSimulator
		{BF0DDB72-7110-4A31-A7AC-4CF4C28D591A}.AppStore|x64.ActiveCfg = AppStore|iPhone
		{BF0DDB72-7110-4A31-A7AC-4CF4C28D591A}.AppStore|x64.Build.0 = AppStore|iPhone
		{BF0DDB72-7110-4A31-A7AC-4CF4C28D591A}.AppStore|x64.Deploy.0 = AppStore|iPhone
		{BF0DDB72-7110-4A31-A7AC-4CF4C28D591A}.AppStore|x86.ActiveCfg = AppStore|iPhone
		{BF0DDB72-7110-4A31-A7AC-4CF4C28D591A}.AppStore|x86.Build.0 = AppStore|iPhone
		{BF0DDB72-7110-4A31-A7AC-4CF4C28D591A}.AppStore|x86.Deploy.0 = AppStore|iPhone
		{BF0DDB72-7110-4A31-A7AC-4CF4C28D591A}.Debug|Any CPU.ActiveCfg = Debug|iPhoneSimulator
		{BF0DDB72-7110-4A31-A7AC-4CF4C28D591A}.Debug|Any CPU.Build.0 = Debug|iPhoneSimulator
		{BF0DDB72-7110-4A31-A7AC-4CF4C28D591A}.Debug|Any CPU.Deploy.0 = Debug|iPhoneSimulator
		{BF0DDB72-7110-4A31-A7AC-4CF4C28D591A}.Debug|ARM.ActiveCfg = Debug|iPhone
		{BF0DDB72-7110-4A31-A7AC-4CF4C28D591A}.Debug|ARM.Build.0 = Debug|iPhone
		{BF0DDB72-7110-4A31-A7AC-4CF4C28D591A}.Debug|ARM.Deploy.0 = Debug|iPhone
		{BF0DDB72-7110-4A31-A7AC-4CF4C28D591A}.Debug|iPhone.ActiveCfg = Debug|iPhone
		{BF0DDB72-7110-4A31-A7AC-4CF4C28D591A}.Debug|iPhone.Build.0 = Debug|iPhone
		{BF0DDB72-7110-4A31-A7AC-4CF4C28D591A}.Debug|iPhone.Deploy.0 = Debug|iPhone
		{BF0DDB72-7110-4A31-A7AC-4CF4C28D591A}.Debug|iPhoneSimulator.ActiveCfg = Debug|iPhoneSimulator
		{BF0DDB72-7110-4A31-A7AC-4CF4C28D591A}.Debug|iPhoneSimulator.Build.0 = Debug|iPhoneSimulator
		{BF0DDB72-7110-4A31-A7AC-4CF4C28D591A}.Debug|iPhoneSimulator.Deploy.0 = Debug|iPhoneSimulator
		{BF0DDB72-7110-4A31-A7AC-4CF4C28D591A}.Debug|x64.ActiveCfg = Debug|iPhone
		{BF0DDB72-7110-4A31-A7AC-4CF4C28D591A}.Debug|x64.Build.0 = Debug|iPhone
		{BF0DDB72-7110-4A31-A7AC-4CF4C28D591A}.Debug|x64.Deploy.0 = Debug|iPhone
		{BF0DDB72-7110-4A31-A7AC-4CF4C28D591A}.Debug|x86.ActiveCfg = Debug|iPhone
		{BF0DDB72-7110-4A31-A7AC-4CF4C28D591A}.Debug|x86.Build.0 = Debug|iPhone
		{BF0DDB72-7110-4A31-A7AC-4CF4C28D591A}.Debug|x86.Deploy.0 = Debug|iPhone
		{BF0DDB72-7110-4A31-A7AC-4CF4C28D591A}.Release|Any CPU.ActiveCfg = Release|iPhone
		{BF0DDB72-7110-4A31-A7AC-4CF4C28D591A}.Release|Any CPU.Build.0 = Release|iPhone
		{BF0DDB72-7110-4A31-A7AC-4CF4C28D591A}.Release|Any CPU.Deploy.0 = Release|iPhone
		{BF0DDB72-7110-4A31-A7AC-4CF4C28D591A}.Release|ARM.ActiveCfg = Release|iPhone
		{BF0DDB72-7110-4A31-A7AC-4CF4C28D591A}.Release|ARM.Build.0 = Release|iPhone
		{BF0DDB72-7110-4A31-A7AC-4CF4C28D591A}.Release|ARM.Deploy.0 = Release|iPhone
		{BF0DDB72-7110-4A31-A7AC-4CF4C28D591A}.Release|iPhone.ActiveCfg = Release|iPhone
		{BF0DDB72-7110-4A31-A7AC-4CF4C28D591A}.Release|iPhone.Build.0 = Release|iPhone
		{BF0DDB72-7110-4A31-A7AC-4CF4C28D591A}.Release|iPhone.Deploy.0 = Release|iPhone
		{BF0DDB72-7110-4A31-A7AC-4CF4C28D591A}.Release|iPhoneSimulator.ActiveCfg = Release|iPhoneSimulator
		{BF0DDB72-7110-4A31-A7AC-4CF4C28D591A}.Release|iPhoneSimulator.Build.0 = Release|iPhoneSimulator
		{BF0DDB72-7110-4A31-A7AC-4CF4C28D591A}.Release|iPhoneSimulator.Deploy.0 = Release|iPhoneSimulator
		{BF0DDB72-7110-4A31-A7AC-4CF4C28D591A}.Release|x64.ActiveCfg = Release|iPhone
		{BF0DDB72-7110-4A31-A7AC-4CF4C28D591A}.Release|x64.Build.0 = Release|iPhone
		{BF0DDB72-7110-4A31-A7AC-4CF4C28D591A}.Release|x64.Deploy.0 = Release|iPhone
		{BF0DDB72-7110-4A31-A7AC-4CF4C28D591A}.Release|x86.ActiveCfg = Release|iPhone
		{BF0DDB72-7110-4A31-A7AC-4CF4C28D591A}.Release|x86.Build.0 = Release|iPhone
		{BF0DDB72-7110-4A31-A7AC-4CF4C28D591A}.Release|x86.Deploy.0 = Release|iPhone
		{8133FE73-9101-475F-9DC3-27796296D626}.Ad-Hoc|Any CPU.ActiveCfg = Release|x86
		{8133FE73-9101-475F-9DC3-27796296D626}.Ad-Hoc|Any CPU.Build.0 = Release|x86
		{8133FE73-9101-475F-9DC3-27796296D626}.Ad-Hoc|Any CPU.Deploy.0 = Release|x86
		{8133FE73-9101-475F-9DC3-27796296D626}.Ad-Hoc|ARM.ActiveCfg = Release|ARM
		{8133FE73-9101-475F-9DC3-27796296D626}.Ad-Hoc|ARM.Build.0 = Release|ARM
		{8133FE73-9101-475F-9DC3-27796296D626}.Ad-Hoc|ARM.Deploy.0 = Release|ARM
		{8133FE73-9101-475F-9DC3-27796296D626}.Ad-Hoc|iPhone.ActiveCfg = Release|x86
		{8133FE73-9101-475F-9DC3-27796296D626}.Ad-Hoc|iPhone.Build.0 = Release|x86
		{8133FE73-9101-475F-9DC3-27796296D626}.Ad-Hoc|iPhone.Deploy.0 = Release|x86
		{8133FE73-9101-475F-9DC3-27796296D626}.Ad-Hoc|iPhoneSimulator.ActiveCfg = Release|x86
		{8133FE73-9101-475F-9DC3-27796296D626}.Ad-Hoc|iPhoneSimulator.Build.0 = Release|x86
		{8133FE73-9101-475F-9DC3-27796296D626}.Ad-Hoc|iPhoneSimulator.Deploy.0 = Release|x86
		{8133FE73-9101-475F-9DC3-27796296D626}.Ad-Hoc|x64.ActiveCfg = Release|x64
		{8133FE73-9101-475F-9DC3-27796296D626}.Ad-Hoc|x64.Build.0 = Release|x64
		{8133FE73-9101-475F-9DC3-27796296D626}.Ad-Hoc|x64.Deploy.0 = Release|x64
		{8133FE73-9101-475F-9DC3-27796296D626}.Ad-Hoc|x86.ActiveCfg = Release|x86
		{8133FE73-9101-475F-9DC3-27796296D626}.Ad-Hoc|x86.Build.0 = Release|x86
		{8133FE73-9101-475F-9DC3-27796296D626}.Ad-Hoc|x86.Deploy.0 = Release|x86
		{8133FE73-9101-475F-9DC3-27796296D626}.AppStore|Any CPU.ActiveCfg = Release|x86
		{8133FE73-9101-475F-9DC3-27796296D626}.AppStore|Any CPU.Build.0 = Release|x86
		{8133FE73-9101-475F-9DC3-27796296D626}.AppStore|Any CPU.Deploy.0 = Release|x86
		{8133FE73-9101-475F-9DC3-27796296D626}.AppStore|ARM.ActiveCfg = Release|ARM
		{8133FE73-9101-475F-9DC3-27796296D626}.AppStore|ARM.Build.0 = Release|ARM
		{8133FE73-9101-475F-9DC3-27796296D626}.AppStore|ARM.Deploy.0 = Release|ARM
		{8133FE73-9101-475F-9DC3-27796296D626}.AppStore|iPhone.ActiveCfg = Release|x86
		{8133FE73-9101-475F-9DC3-27796296D626}.AppStore|iPhone.Build.0 = Release|x86
		{8133FE73-9101-475F-9DC3-27796296D626}.AppStore|iPhone.Deploy.0 = Release|x86
		{8133FE73-9101-475F-9DC3-27796296D626}.AppStore|iPhoneSimulator.ActiveCfg = Release|x86
		{8133FE73-9101-475F-9DC3-27796296D626}.AppStore|iPhoneSimulator.Build.0 = Release|x86
		{8133FE73-9101-475F-9DC3-27796296D626}.AppStore|iPhoneSimulator.Deploy.0 = Release|x86
		{8133FE73-9101-475F-9DC3-27796296D626}.AppStore|x64.ActiveCfg = Release|x64
		{8133FE73-9101-475F-9DC3-27796296D626}.AppStore|x64.Build.0 = Release|x64
		{8133FE73-9101-475F-9DC3-27796296D626}.AppStore|x64.Deploy.0 = Release|x64
		{8133FE73-9101-475F-9DC3-27796296D626}.AppStore|x86.ActiveCfg = Release|x86
		{8133FE73-9101-475F-9DC3-27796296D626}.AppStore|x86.Build.0 = Release|x86
		{8133FE73-9101-475F-9DC3-27796296D626}.AppStore|x86.Deploy.0 = Release|x86
		{8133FE73-9101-475F-9DC3-27796296D626}.Debug|Any CPU.ActiveCfg = Debug|x86
		{8133FE73-9101-475F-9DC3-27796296D626}.Debug|Any CPU.Build.0 = Debug|x86
		{8133FE73-9101-475F-9DC3-27796296D626}.Debug|Any CPU.Deploy.0 = Debug|x86
		{8133FE73-9101-475F-9DC3-27796296D626}.Debug|ARM.ActiveCfg = Debug|ARM
		{8133FE73-9101-475F-9DC3-27796296D626}.Debug|ARM.Build.0 = Debug|ARM
		{8133FE73-9101-475F-9DC3-27796296D626}.Debug|ARM.Deploy.0 = Debug|ARM
		{8133FE73-9101-475F-9DC3-27796296D626}.Debug|iPhone.ActiveCfg = Debug|x86
		{8133FE73-9101-475F-9DC3-27796296D626}.Debug|iPhone.Build.0 = Debug|x86
		{8133FE73-9101-475F-9DC3-27796296D626}.Debug|iPhone.Deploy.0 = Debug|x86
		{8133FE73-9101-475F-9DC3-27796296D626}.Debug|iPhoneSimulator.ActiveCfg = Debug|x86
		{8133FE73-9101-475F-9DC3-27796296D626}.Debug|iPhoneSimulator.Build.0 = Debug|x86
		{8133FE73-9101-475F-9DC3-27796296D626}.Debug|iPhoneSimulator.Deploy.0 = Debug|x86
		{8133FE73-9101-475F-9DC3-27796296D626}.Debug|x64.ActiveCfg = Debug|x64
		{8133FE73-9101-475F-9DC3-27796296D626}.Debug|x64.Build.0 = Debug|x64
		{8133FE73-9101-475F-9DC3-27796296D626}.Debug|x64.Deploy.0 = Debug|x64
		{8133FE73-9101-475F-9DC3-27796296D626}.Debug|x86.ActiveCfg = Debug|x86
		{8133FE73-9101-475F-9DC3-27796296D626}.Debug|x86.Build.0 = Debug|x86
		{8133FE73-9101-475F-9DC3-27796296D626}.Debug|x86.Deploy.0 = Debug|x86
		{8133FE73-9101-475F-9DC3-27796296D626}.Release|Any CPU.ActiveCfg = Release|x86
		{8133FE73-9101-475F-9DC3-27796296D626}.Release|Any CPU.Build.0 = Release|x86
		{8133FE73-9101-475F-9DC3-27796296D626}.Release|Any CPU.Deploy.0 = Release|x86
		{8133FE73-9101-475F-9DC3-27796296D626}.Release|ARM.ActiveCfg = Release|ARM
		{8133FE73-9101-475F-9DC3-27796296D626}.Release|ARM.Build.0 = Release|ARM
		{8133FE73-9101-475F-9DC3-27796296D626}.Release|ARM.Deploy.0 = Release|ARM
		{8133FE73-9101-475F-9DC3-27796296D626}.Release|iPhone.ActiveCfg = Release|x86
		{8133FE73-9101-475F-9DC3-27796296D626}.Release|iPhone.Build.0 = Release|x86
		{8133FE73-9101-475F-9DC3-27796296D626}.Release|iPhone.Deploy.0 = Release|x86
		{8133FE73-9101-475F-9DC3-27796296D626}.Release|iPhoneSimulator.ActiveCfg = Release|x86
		{8133FE73-9101-475F-9DC3-27796296D626}.Release|iPhoneSimulator.Build.0 = Release|x86
		{8133FE73-9101-475F-9DC3-27796296D626}.Release|iPhoneSimulator.Deploy.0 = Release|x86
		{8133FE73-9101-475F-9DC3-27796296D626}.Release|x64.ActiveCfg = Release|x64
		{8133FE73-9101-475F-9DC3-27796296D626}.Release|x64.Build.0 = Release|x64
		{8133FE73-9101-475F-9DC3-27796296D626}.Release|x64.Deploy.0 = Release|x64
		{8133FE73-9101-475F-9DC3-27796296D626}.Release|x86.ActiveCfg = Release|x86
		{8133FE73-9101-475F-9DC3-27796296D626}.Release|x86.Build.0 = Release|x86
		{8133FE73-9101-475F-9DC3-27796296D626}.Release|x86.Deploy.0 = Release|x86
		{17AE77B2-5E38-4F5E-8262-7D531DC08EDF}.Ad-Hoc|Any CPU.ActiveCfg = Debug|Any CPU
		{17AE77B2-5E38-4F5E-8262-7D531DC08EDF}.Ad-Hoc|Any CPU.Build.0 = Debug|Any CPU
		{17AE77B2-5E38-4F5E-8262-7D531DC08EDF}.Ad-Hoc|Any CPU.Deploy.0 = Debug|Any CPU
		{17AE77B2-5E38-4F5E-8262-7D531DC08EDF}.Ad-Hoc|ARM.ActiveCfg = Debug|Any CPU
		{17AE77B2-5E38-4F5E-8262-7D531DC08EDF}.Ad-Hoc|ARM.Build.0 = Debug|Any CPU
		{17AE77B2-5E38-4F5E-8262-7D531DC08EDF}.Ad-Hoc|ARM.Deploy.0 = Debug|Any CPU
		{17AE77B2-5E38-4F5E-8262-7D531DC08EDF}.Ad-Hoc|iPhone.ActiveCfg = Debug|Any CPU
		{17AE77B2-5E38-4F5E-8262-7D531DC08EDF}.Ad-Hoc|iPhone.Build.0 = Debug|Any CPU
		{17AE77B2-5E38-4F5E-8262-7D531DC08EDF}.Ad-Hoc|iPhone.Deploy.0 = Debug|Any CPU
		{17AE77B2-5E38-4F5E-8262-7D531DC08EDF}.Ad-Hoc|iPhoneSimulator.ActiveCfg = Debug|Any CPU
		{17AE77B2-5E38-4F5E-8262-7D531DC08EDF}.Ad-Hoc|iPhoneSimulator.Build.0 = Debug|Any CPU
		{17AE77B2-5E38-4F5E-8262-7D531DC08EDF}.Ad-Hoc|iPhoneSimulator.Deploy.0 = Debug|Any CPU
		{17AE77B2-5E38-4F5E-8262-7D531DC08EDF}.Ad-Hoc|x64.ActiveCfg = Debug|Any CPU
		{17AE77B2-5E38-4F5E-8262-7D531DC08EDF}.Ad-Hoc|x64.Build.0 = Debug|Any CPU
		{17AE77B2-5E38-4F5E-8262-7D531DC08EDF}.Ad-Hoc|x64.Deploy.0 = Debug|Any CPU
		{17AE77B2-5E38-4F5E-8262-7D531DC08EDF}.Ad-Hoc|x86.ActiveCfg = Debug|Any CPU
		{17AE77B2-5E38-4F5E-8262-7D531DC08EDF}.Ad-Hoc|x86.Build.0 = Debug|Any CPU
		{17AE77B2-5E38-4F5E-8262-7D531DC08EDF}.Ad-Hoc|x86.Deploy.0 = Debug|Any CPU
		{17AE77B2-5E38-4F5E-8262-7D531DC08EDF}.AppStore|Any CPU.ActiveCfg = Debug|Any CPU
		{17AE77B2-5E38-4F5E-8262-7D531DC08EDF}.AppStore|Any CPU.Build.0 = Debug|Any CPU
		{17AE77B2-5E38-4F5E-8262-7D531DC08EDF}.AppStore|Any CPU.Deploy.0 = Debug|Any CPU
		{17AE77B2-5E38-4F5E-8262-7D531DC08EDF}.AppStore|ARM.ActiveCfg = Debug|Any CPU
		{17AE77B2-5E38-4F5E-8262-7D531DC08EDF}.AppStore|ARM.Build.0 = Debug|Any CPU
		{17AE77B2-5E38-4F5E-8262-7D531DC08EDF}.AppStore|ARM.Deploy.0 = Debug|Any CPU
		{17AE77B2-5E38-4F5E-8262-7D531DC08EDF}.AppStore|iPhone.ActiveCfg = Debug|Any CPU
		{17AE77B2-5E38-4F5E-8262-7D531DC08EDF}.AppStore|iPhone.Build.0 = Debug|Any CPU
		{17AE77B2-5E38-4F5E-8262-7D531DC08EDF}.AppStore|iPhone.Deploy.0 = Debug|Any CPU
		{17AE77B2-5E38-4F5E-8262-7D531DC08EDF}.AppStore|iPhoneSimulator.ActiveCfg = Debug|Any CPU
		{17AE77B2-5E38-4F5E-8262-7D531DC08EDF}.AppStore|iPhoneSimulator.Build.0 = Debug|Any CPU
		{17AE77B2-5E38-4F5E-8262-7D531DC08EDF}.AppStore|iPhoneSimulator.Deploy.0 = Debug|Any CPU
		{17AE77B2-5E38-4F5E-8262-7D531DC08EDF}.AppStore|x64.ActiveCfg = Debug|Any CPU
		{17AE77B2-5E38-4F5E-8262-7D531DC08EDF}.AppStore|x64.Build.0 = Debug|Any CPU
		{17AE77B2-5E38-4F5E-8262-7D531DC08EDF}.AppStore|x64.Deploy.0 = Debug|Any CPU
		{17AE77B2-5E38-4F5E-8262-7D531DC08EDF}.AppStore|x86.ActiveCfg = Debug|Any CPU
		{17AE77B2-5E38-4F5E-8262-7D531DC08EDF}.AppStore|x86.Build.0 = Debug|Any CPU
		{17AE77B2-5E38-4F5E-8262-7D531DC08EDF}.AppStore|x86.Deploy.0 = Debug|Any CPU
		{17AE77B2-5E38-4F5E-8262-7D531DC08EDF}.Debug|Any CPU.ActiveCfg = Debug|Any CPU
		{17AE77B2-5E38-4F5E-8262-7D531DC08EDF}.Debug|Any CPU.Build.0 = Debug|Any CPU
		{17AE77B2-5E38-4F5E-8262-7D531DC08EDF}.Debug|Any CPU.Deploy.0 = Debug|Any CPU
		{17AE77B2-5E38-4F5E-8262-7D531DC08EDF}.Debug|ARM.ActiveCfg = Debug|Any CPU
		{17AE77B2-5E38-4F5E-8262-7D531DC08EDF}.Debug|ARM.Build.0 = Debug|Any CPU
		{17AE77B2-5E38-4F5E-8262-7D531DC08EDF}.Debug|ARM.Deploy.0 = Debug|Any CPU
		{17AE77B2-5E38-4F5E-8262-7D531DC08EDF}.Debug|iPhone.ActiveCfg = Debug|Any CPU
		{17AE77B2-5E38-4F5E-8262-7D531DC08EDF}.Debug|iPhone.Build.0 = Debug|Any CPU
		{17AE77B2-5E38-4F5E-8262-7D531DC08EDF}.Debug|iPhone.Deploy.0 = Debug|Any CPU
		{17AE77B2-5E38-4F5E-8262-7D531DC08EDF}.Debug|iPhoneSimulator.ActiveCfg = Debug|Any CPU
		{17AE77B2-5E38-4F5E-8262-7D531DC08EDF}.Debug|iPhoneSimulator.Build.0 = Debug|Any CPU
		{17AE77B2-5E38-4F5E-8262-7D531DC08EDF}.Debug|iPhoneSimulator.Deploy.0 = Debug|Any CPU
		{17AE77B2-5E38-4F5E-8262-7D531DC08EDF}.Debug|x64.ActiveCfg = Debug|Any CPU
		{17AE77B2-5E38-4F5E-8262-7D531DC08EDF}.Debug|x64.Build.0 = Debug|Any CPU
		{17AE77B2-5E38-4F5E-8262-7D531DC08EDF}.Debug|x64.Deploy.0 = Debug|Any CPU
		{17AE77B2-5E38-4F5E-8262-7D531DC08EDF}.Debug|x86.ActiveCfg = Debug|Any CPU
		{17AE77B2-5E38-4F5E-8262-7D531DC08EDF}.Debug|x86.Build.0 = Debug|Any CPU
		{17AE77B2-5E38-4F5E-8262-7D531DC08EDF}.Debug|x86.Deploy.0 = Debug|Any CPU
		{17AE77B2-5E38-4F5E-8262-7D531DC08EDF}.Release|Any CPU.ActiveCfg = Release|Any CPU
		{17AE77B2-5E38-4F5E-8262-7D531DC08EDF}.Release|Any CPU.Build.0 = Release|Any CPU
		{17AE77B2-5E38-4F5E-8262-7D531DC08EDF}.Release|Any CPU.Deploy.0 = Release|Any CPU
		{17AE77B2-5E38-4F5E-8262-7D531DC08EDF}.Release|ARM.ActiveCfg = Release|Any CPU
		{17AE77B2-5E38-4F5E-8262-7D531DC08EDF}.Release|ARM.Build.0 = Release|Any CPU
		{17AE77B2-5E38-4F5E-8262-7D531DC08EDF}.Release|ARM.Deploy.0 = Release|Any CPU
		{17AE77B2-5E38-4F5E-8262-7D531DC08EDF}.Release|iPhone.ActiveCfg = Release|Any CPU
		{17AE77B2-5E38-4F5E-8262-7D531DC08EDF}.Release|iPhone.Build.0 = Release|Any CPU
		{17AE77B2-5E38-4F5E-8262-7D531DC08EDF}.Release|iPhone.Deploy.0 = Release|Any CPU
		{17AE77B2-5E38-4F5E-8262-7D531DC08EDF}.Release|iPhoneSimulator.ActiveCfg = Release|Any CPU
		{17AE77B2-5E38-4F5E-8262-7D531DC08EDF}.Release|iPhoneSimulator.Build.0 = Release|Any CPU
		{17AE77B2-5E38-4F5E-8262-7D531DC08EDF}.Release|iPhoneSimulator.Deploy.0 = Release|Any CPU
		{17AE77B2-5E38-4F5E-8262-7D531DC08EDF}.Release|x64.ActiveCfg = Release|Any CPU
		{17AE77B2-5E38-4F5E-8262-7D531DC08EDF}.Release|x64.Build.0 = Release|Any CPU
		{17AE77B2-5E38-4F5E-8262-7D531DC08EDF}.Release|x64.Deploy.0 = Release|Any CPU
		{17AE77B2-5E38-4F5E-8262-7D531DC08EDF}.Release|x86.ActiveCfg = Release|Any CPU
		{17AE77B2-5E38-4F5E-8262-7D531DC08EDF}.Release|x86.Build.0 = Release|Any CPU
		{17AE77B2-5E38-4F5E-8262-7D531DC08EDF}.Release|x86.Deploy.0 = Release|Any CPU
		{DEE76038-2901-4211-B1F7-62A36C895933}.Ad-Hoc|Any CPU.ActiveCfg = Debug|Any CPU
		{DEE76038-2901-4211-B1F7-62A36C895933}.Ad-Hoc|Any CPU.Build.0 = Debug|Any CPU
		{DEE76038-2901-4211-B1F7-62A36C895933}.Ad-Hoc|ARM.ActiveCfg = Debug|Any CPU
		{DEE76038-2901-4211-B1F7-62A36C895933}.Ad-Hoc|ARM.Build.0 = Debug|Any CPU
		{DEE76038-2901-4211-B1F7-62A36C895933}.Ad-Hoc|iPhone.ActiveCfg = Debug|Any CPU
		{DEE76038-2901-4211-B1F7-62A36C895933}.Ad-Hoc|iPhone.Build.0 = Debug|Any CPU
		{DEE76038-2901-4211-B1F7-62A36C895933}.Ad-Hoc|iPhoneSimulator.ActiveCfg = Debug|Any CPU
		{DEE76038-2901-4211-B1F7-62A36C895933}.Ad-Hoc|iPhoneSimulator.Build.0 = Debug|Any CPU
		{DEE76038-2901-4211-B1F7-62A36C895933}.Ad-Hoc|x64.ActiveCfg = Debug|Any CPU
		{DEE76038-2901-4211-B1F7-62A36C895933}.Ad-Hoc|x64.Build.0 = Debug|Any CPU
		{DEE76038-2901-4211-B1F7-62A36C895933}.Ad-Hoc|x86.ActiveCfg = Debug|Any CPU
		{DEE76038-2901-4211-B1F7-62A36C895933}.Ad-Hoc|x86.Build.0 = Debug|Any CPU
		{DEE76038-2901-4211-B1F7-62A36C895933}.AppStore|Any CPU.ActiveCfg = Debug|Any CPU
		{DEE76038-2901-4211-B1F7-62A36C895933}.AppStore|Any CPU.Build.0 = Debug|Any CPU
		{DEE76038-2901-4211-B1F7-62A36C895933}.AppStore|ARM.ActiveCfg = Debug|Any CPU
		{DEE76038-2901-4211-B1F7-62A36C895933}.AppStore|ARM.Build.0 = Debug|Any CPU
		{DEE76038-2901-4211-B1F7-62A36C895933}.AppStore|iPhone.ActiveCfg = Debug|Any CPU
		{DEE76038-2901-4211-B1F7-62A36C895933}.AppStore|iPhone.Build.0 = Debug|Any CPU
		{DEE76038-2901-4211-B1F7-62A36C895933}.AppStore|iPhoneSimulator.ActiveCfg = Debug|Any CPU
		{DEE76038-2901-4211-B1F7-62A36C895933}.AppStore|iPhoneSimulator.Build.0 = Debug|Any CPU
		{DEE76038-2901-4211-B1F7-62A36C895933}.AppStore|x64.ActiveCfg = Debug|Any CPU
		{DEE76038-2901-4211-B1F7-62A36C895933}.AppStore|x64.Build.0 = Debug|Any CPU
		{DEE76038-2901-4211-B1F7-62A36C895933}.AppStore|x86.ActiveCfg = Debug|Any CPU
		{DEE76038-2901-4211-B1F7-62A36C895933}.AppStore|x86.Build.0 = Debug|Any CPU
		{DEE76038-2901-4211-B1F7-62A36C895933}.Debug|Any CPU.ActiveCfg = Debug|Any CPU
		{DEE76038-2901-4211-B1F7-62A36C895933}.Debug|Any CPU.Build.0 = Debug|Any CPU
		{DEE76038-2901-4211-B1F7-62A36C895933}.Debug|ARM.ActiveCfg = Debug|Any CPU
		{DEE76038-2901-4211-B1F7-62A36C895933}.Debug|ARM.Build.0 = Debug|Any CPU
		{DEE76038-2901-4211-B1F7-62A36C895933}.Debug|iPhone.ActiveCfg = Debug|Any CPU
		{DEE76038-2901-4211-B1F7-62A36C895933}.Debug|iPhone.Build.0 = Debug|Any CPU
		{DEE76038-2901-4211-B1F7-62A36C895933}.Debug|iPhoneSimulator.ActiveCfg = Debug|Any CPU
		{DEE76038-2901-4211-B1F7-62A36C895933}.Debug|iPhoneSimulator.Build.0 = Debug|Any CPU
		{DEE76038-2901-4211-B1F7-62A36C895933}.Debug|x64.ActiveCfg = Debug|Any CPU
		{DEE76038-2901-4211-B1F7-62A36C895933}.Debug|x64.Build.0 = Debug|Any CPU
		{DEE76038-2901-4211-B1F7-62A36C895933}.Debug|x86.ActiveCfg = Debug|Any CPU
		{DEE76038-2901-4211-B1F7-62A36C895933}.Debug|x86.Build.0 = Debug|Any CPU
		{DEE76038-2901-4211-B1F7-62A36C895933}.Release|Any CPU.ActiveCfg = Release|Any CPU
		{DEE76038-2901-4211-B1F7-62A36C895933}.Release|Any CPU.Build.0 = Release|Any CPU
		{DEE76038-2901-4211-B1F7-62A36C895933}.Release|ARM.ActiveCfg = Release|Any CPU
		{DEE76038-2901-4211-B1F7-62A36C895933}.Release|ARM.Build.0 = Release|Any CPU
		{DEE76038-2901-4211-B1F7-62A36C895933}.Release|iPhone.ActiveCfg = Release|Any CPU
		{DEE76038-2901-4211-B1F7-62A36C895933}.Release|iPhone.Build.0 = Release|Any CPU
		{DEE76038-2901-4211-B1F7-62A36C895933}.Release|iPhoneSimulator.ActiveCfg = Release|Any CPU
		{DEE76038-2901-4211-B1F7-62A36C895933}.Release|iPhoneSimulator.Build.0 = Release|Any CPU
		{DEE76038-2901-4211-B1F7-62A36C895933}.Release|x64.ActiveCfg = Release|Any CPU
		{DEE76038-2901-4211-B1F7-62A36C895933}.Release|x64.Build.0 = Release|Any CPU
		{DEE76038-2901-4211-B1F7-62A36C895933}.Release|x86.ActiveCfg = Release|Any CPU
		{DEE76038-2901-4211-B1F7-62A36C895933}.Release|x86.Build.0 = Release|Any CPU
	EndGlobalSection
	GlobalSection(SolutionProperties) = preSolution
		HideSolutionNode = FALSE
	EndGlobalSection
	GlobalSection(ExtensibilityGlobals) = postSolution
		SolutionGuid = {F8D6AB63-E2E5-4830-8AF1-6008BE6C2832}
	EndGlobalSection
EndGlobal
